
Microsoft Visual Studio Solution File, Format Version 12.00
# Visual Studio Version 17
VisualStudioVersion = 17.3.32811.315
MinimumVisualStudioVersion = 10.0.40219.1
Project("{9A19103F-16F7-4668-BE54-9A1E7A4F7556}") = "ELAPI", "ELAPI\ELAPI.csproj", "{97857502-EACC-456D-9D84-25312ADFA1A0}"
EndProject
Project("{FAE04EC0-301F-11D3-BF4B-00C04F79EFBC}") = "1SemesterConsoleApp", "1SemesterConsoleApp\1SemesterConsoleApp.csproj", "{AF88B2DF-A704-4575-90B0-1403EBCE0461}"
EndProject
Global
	GlobalSection(SolutionConfigurationPlatforms) = preSolution
		Debug|Any CPU = Debug|Any CPU
		Release|Any CPU = Release|Any CPU
	EndGlobalSection
	GlobalSection(ProjectConfigurationPlatforms) = postSolution
		{97857502-EACC-456D-9D84-25312ADFA1A0}.Debug|Any CPU.ActiveCfg = Debug|Any CPU
		{97857502-EACC-456D-9D84-25312ADFA1A0}.Debug|Any CPU.Build.0 = Debug|Any CPU
		{97857502-EACC-456D-9D84-25312ADFA1A0}.Release|Any CPU.ActiveCfg = Release|Any CPU
		{97857502-EACC-456D-9D84-25312ADFA1A0}.Release|Any CPU.Build.0 = Release|Any CPU
		{AF88B2DF-A704-4575-90B0-1403EBCE0461}.Debug|Any CPU.ActiveCfg = Debug|Any CPU
		{AF88B2DF-A704-4575-90B0-1403EBCE0461}.Debug|Any CPU.Build.0 = Debug|Any CPU
		{AF88B2DF-A704-4575-90B0-1403EBCE0461}.Release|Any CPU.ActiveCfg = Release|Any CPU
		{AF88B2DF-A704-4575-90B0-1403EBCE0461}.Release|Any CPU.Build.0 = Release|Any CPU
	EndGlobalSection
	GlobalSection(SolutionProperties) = preSolution
		HideSolutionNode = FALSE
	EndGlobalSection
	GlobalSection(ExtensibilityGlobals) = postSolution
		SolutionGuid = {D3A4AC47-BA1C-432D-86E8-21F3841C271F}
	EndGlobalSection
EndGlobal
